# Auto-generated by loft — do not edit by hand.
# Run `loft install` to update.
schema_version = 1

[[package]]
name = "graphics"
version = "0.8.0"
url = "https://github.com/loft-lang/loft-libs-graphics/releases/download/graphics-v0.8.0/graphics-0.8.0.tar.gz"
sha256 = "ffb0519e2fcc1939b119246b9941dd08e4feb5c248dd857cfbb0b7190df045a8"
source = "registry"
deps = ["glb", "mesh3d"]

[[package]]
name = "glb"
version = "0.1.2"
url = "https://github.com/loft-lang/loft-libs-assets/releases/download/glb-v0.1.2/glb-0.1.2.tar.gz"
sha256 = "8a1021c6b4eadd6152d1c9806501514cd8d26ef901ebdc7501f406e3c82de01c"
source = "registry"
deps = ["mesh3d"]

[[package]]
name = "mesh3d"
version = "0.1.1"
url = "https://github.com/loft-lang/loft-libs-assets/releases/download/mesh3d-v0.1.1/mesh3d-0.1.1.tar.gz"
sha256 = "de8fdb1fedea6521d90634bc40b4acab2c1bb965010d766a177e40b1e8e66cfd"
source = "registry"

[[package]]
name = "hex_body"
version = "0.3.1"
url = "https://github.com/loft-lang/loft-libs-world/releases/download/hex_body-v0.3.1/hex_body-0.3.1.tar.gz"
sha256 = "01ed675eaace4763c6f8151f70bd5dd40c24d67458ece8e8c5d8720bd9f3bc01"
source = "registry"

[[package]]
name = "hex_edge"
version = "0.1.0"
url = "https://github.com/loft-lang/loft-libs-world/releases/download/hex_edge-v0.1.0/hex_edge-0.1.0.tar.gz"
sha256 = "cc88accb3324d90fc37bf0a49d9c0d28ef2f7520a19a90c24d82911f4adb8a4c"
source = "registry"
deps = ["hex_field"]

[[package]]
name = "hex_field"
version = "0.1.0"
url = "https://github.com/loft-lang/loft-libs-world/releases/download/hex_field-v0.1.0/hex_field-0.1.0.tar.gz"
sha256 = "b15e31ac9791bf4188911951bd04e5cda3dece15a22af613750a7a8ca66fe7b1"
source = "registry"
