# Auto-generated by loft — do not edit by hand.
# Run `loft install` to update.
schema_version = 1

[[package]]
name = "hex_grid"
version = "0.1.0"
url = "https://github.com/loft-lang/loft-libs-world/releases/download/hex_grid-v0.1.0/hex_grid-0.1.0.tar.gz"
sha256 = "f7af3fa54141dcae920666f606c5932252f801d555dd63b0b654d5355f8c1fbd"
source = "registry"

[[package]]
name = "server"
version = "0.5.0"
url = "https://github.com/loft-lang/loft-libs-net/releases/download/server-v0.5.0/server-0.5.0.tar.gz"
sha256 = "a52792c3225e3d877ffc3e5c6dd9f545c82d98a20d15f7b823f21604a7f62ce6"
source = "registry"
deps = ["web"]

[[package]]
name = "web"
version = "0.3.4"
url = "https://github.com/loft-lang/loft-libs-net/releases/download/web-v0.3.4/web-0.3.4.tar.gz"
sha256 = "8db45c168a057e1501cb67fba86c4aaf5a5dbace7758e0f1a52569ff2b9b8aa7"
source = "registry"

[[package]]
name = "gridmesh"
version = "0.2.0"
url = "https://github.com/loft-lang/loft-libs-graphics/releases/download/gridmesh-v0.2.0/gridmesh-0.2.0.tar.gz"
sha256 = "26656dccc2ef56be33514d16bc0c5500b6736d3407c6c91c126c77ae9fd25d43"
source = "registry"

[[package]]
name = "hex_world"
version = "0.2.0"
url = "https://github.com/loft-lang/loft-libs-world/releases/download/hex_world-v0.2.0/hex_world-0.2.0.tar.gz"
sha256 = "f7e7f41d3618607aa408c54676f28df51e0d3746e7b2f9eaa008c65b09b6f075"
source = "registry"

[[package]]
name = "random"
version = "0.3.0"
url = "https://github.com/loft-lang/loft-libs-core/releases/download/random-v0.3.0/random-0.3.0.tar.gz"
sha256 = "beb7c5ec9ba5df00725ca776c3fa837e8757cff865589bcfb5ea85cd0fc53386"
source = "registry"

[[package]]
name = "arguments"
version = "0.2.0"
url = "https://github.com/loft-lang/loft-libs-core/releases/download/arguments-v0.2.0/arguments-0.2.0.tar.gz"
sha256 = "48e630689af512c7f7cabc47a93d590ab00a96cb119a54af760c6bb09ff7ad39"
source = "registry"

[[package]]
name = "regex"
version = "0.2.1"
url = "https://github.com/loft-lang/loft-libs-core/releases/download/regex-v0.2.1/regex-0.2.1.tar.gz"
sha256 = "2072064c1b2e38a243d709bc06813527ba1ab870eccd21fe02cfbb3c2aeda263"
source = "registry"

[[package]]
name = "time"
version = "0.3.0"
url = "https://github.com/loft-lang/loft-libs-game/releases/download/time-v0.3.0/time-0.3.0.tar.gz"
sha256 = "29968e0460f393e6b647d69fb06d8f244768155fef63ea0d77ca3a8e4ab87eb2"
source = "registry"

[[package]]
name = "crypto"
version = "0.3.7"
url = "https://github.com/loft-lang/loft-libs-core/releases/download/crypto-v0.3.7/crypto-0.3.7.tar.gz"
sha256 = "847cfd7015796bce467dab03c12364f229412b00919de44dcaa16df9189bc6b1"
source = "registry"

[[package]]
name = "cbor"
version = "0.1.2"
url = "https://github.com/loft-lang/loft-libs-core/releases/download/cbor-v0.1.2/cbor-0.1.2.tar.gz"
sha256 = "4be2596769360f76a47ea73e318854573db3bf234c4d87bc30ee8e6cb01b514d"
source = "registry"

[[package]]
name = "glb"
version = "0.1.2"
url = "https://github.com/loft-lang/loft-libs-assets/releases/download/glb-v0.1.2/glb-0.1.2.tar.gz"
sha256 = "8a1021c6b4eadd6152d1c9806501514cd8d26ef901ebdc7501f406e3c82de01c"
source = "registry"
deps = ["mesh3d"]

[[package]]
name = "mesh3d"
version = "0.1.1"
url = "https://github.com/loft-lang/loft-libs-assets/releases/download/mesh3d-v0.1.1/mesh3d-0.1.1.tar.gz"
sha256 = "de8fdb1fedea6521d90634bc40b4acab2c1bb965010d766a177e40b1e8e66cfd"
source = "registry"

[[package]]
name = "hex_edge"
version = "0.1.0"
url = "https://github.com/loft-lang/loft-libs-world/releases/download/hex_edge-v0.1.0/hex_edge-0.1.0.tar.gz"
sha256 = "cc88accb3324d90fc37bf0a49d9c0d28ef2f7520a19a90c24d82911f4adb8a4c"
source = "registry"
deps = ["hex_field"]

[[package]]
name = "hex_field"
version = "0.1.0"
url = "https://github.com/loft-lang/loft-libs-world/releases/download/hex_field-v0.1.0/hex_field-0.1.0.tar.gz"
sha256 = "b15e31ac9791bf4188911951bd04e5cda3dece15a22af613750a7a8ca66fe7b1"
source = "registry"

[[package]]
name = "graphics"
version = "0.5.0"
url = "https://github.com/loft-lang/loft-libs-graphics/releases/download/graphics-v0.5.0/graphics-0.5.0.tar.gz"
sha256 = "398d1e1fcb272a1da21a49e3eeaadf93ab49f711876dfc6d9c0fcbaac94fcabe"
source = "registry"
deps = ["glb", "mesh3d"]

[[package]]
name = "hex_shape"
version = "0.1.0"
url = "https://github.com/loft-lang/loft-libs-world/releases/download/hex_shape-v0.1.0/hex_shape-0.1.0.tar.gz"
sha256 = "1688fc53b1d195f93b3ef0309754b461562a70cb2bf50bd061441477da1513aa"
source = "registry"
deps = ["hex_field", "hex_form", "hex_grid"]

[[package]]
name = "hex_form"
version = "0.1.0"
url = "https://github.com/loft-lang/loft-libs-world/releases/download/hex_form-v0.1.0/hex_form-0.1.0.tar.gz"
sha256 = "438967037869c9425840dc6b3127d85039d1f4941bb0178694bcd05b2beb535c"
source = "registry"
deps = ["hex_field", "hex_grid"]

[[package]]
name = "hex_body"
version = "0.1.0"
url = "https://github.com/loft-lang/loft-libs-world/releases/download/hex_body-v0.1.0/hex_body-0.1.0.tar.gz"
sha256 = "d674a3ef332580daace28043d343931b2df467f2e1563ddb465e615364c91e27"
source = "registry"

[[package]]
name = "hex_way"
version = "0.1.0"
url = "https://github.com/loft-lang/loft-libs-world/releases/download/hex_way-v0.1.0/hex_way-0.1.0.tar.gz"
sha256 = "03cc160ba0d34076403a4e862f78ea59a39a4dbb2fad0767acdfdb4268de060f"
source = "registry"
deps = ["hex_edge", "hex_field"]

[[package]]
name = "hex_draw"
version = "0.1.0"
url = "https://github.com/loft-lang/loft-libs-world/releases/download/hex_draw-v0.1.0/hex_draw-0.1.0.tar.gz"
sha256 = "81496e503b17973e865f959da3bb4e4c63374c622c31377d4995ebbb23034f30"
source = "registry"
deps = ["hex_field", "hex_form", "hex_grid", "hex_roof", "hex_way"]

[[package]]
name = "hex_roof"
version = "0.1.0"
url = "https://github.com/loft-lang/loft-libs-world/releases/download/hex_roof-v0.1.0/hex_roof-0.1.0.tar.gz"
sha256 = "88119b2e3922993c1c8f21282024c695c5ecfef2e16d076042b2f89df830fde3"
source = "registry"
deps = ["hex_field", "hex_way"]

[[package]]
name = "hex_place"
version = "0.1.0"
url = "https://github.com/loft-lang/loft-libs-world/releases/download/hex_place-v0.1.0/hex_place-0.1.0.tar.gz"
sha256 = "f56ebeed07e81c6f7702ab867c72494c19ee5ddfeaf639343f12f4cf68a5fd67"
source = "registry"
deps = ["hex_field", "hex_form"]

[[package]]
name = "fixstep"
version = "0.1.0"
url = "https://github.com/loft-lang/loft-libs-game/releases/download/fixstep-v0.1.0/fixstep-0.1.0.tar.gz"
sha256 = "70cc1fed7d2df2f102160d25258cecf54869c5766fe9ffea5630af66e146435c"
source = "registry"
