# Auto-generated by loft — do not edit by hand.
# Run `loft install` to update.
schema_version = 1

[[package]]
name = "hex_grid"
version = "0.1.0"
url = "https://github.com/loft-lang/loft-libs-world/releases/download/hex_grid-v0.1.0/hex_grid-0.1.0.tar.gz"
sha256 = "f7af3fa54141dcae920666f606c5932252f801d555dd63b0b654d5355f8c1fbd"
source = "registry"
