# Auto-generated by loft — do not edit by hand.
# Run `loft install` to update.
schema_version = 1

[[package]]
name = "hex_grid"
version = "0.1.2"
url = "https://github.com/loft-lang/loft-libs-world/releases/download/hex_grid-v0.1.2/hex_grid-0.1.2.tar.gz"
sha256 = "3555008637ffd46b097c4fca0805ac30806987a1922098b8a396d2c5ce10a92d"
source = "registry"
