# Auto-generated by loft — do not edit by hand.
# Run `loft install` to update.
schema_version = 1

[[package]]
name = "hex_field"
version = "0.1.0"
url = "https://github.com/loft-lang/loft-libs-world/releases/download/hex_field-v0.1.0/hex_field-0.1.0.tar.gz"
sha256 = "b15e31ac9791bf4188911951bd04e5cda3dece15a22af613750a7a8ca66fe7b1"
source = "registry"
