# Auto-generated by loft — do not edit by hand.
# Run `loft install` to update.
schema_version = 1

[[package]]
name = "hex_draw"
version = "0.1.0"
url = "https://github.com/loft-lang/loft-libs-world/releases/download/hex_draw-v0.1.0/hex_draw-0.1.0.tar.gz"
sha256 = "81496e503b17973e865f959da3bb4e4c63374c622c31377d4995ebbb23034f30"
source = "registry"
deps = ["hex_field", "hex_form", "hex_grid", "hex_roof", "hex_way"]

[[package]]
name = "hex_field"
version = "0.1.0"
url = "https://github.com/loft-lang/loft-libs-world/releases/download/hex_field-v0.1.0/hex_field-0.1.0.tar.gz"
sha256 = "b15e31ac9791bf4188911951bd04e5cda3dece15a22af613750a7a8ca66fe7b1"
source = "registry"

[[package]]
name = "hex_form"
version = "0.1.0"
url = "https://github.com/loft-lang/loft-libs-world/releases/download/hex_form-v0.1.0/hex_form-0.1.0.tar.gz"
sha256 = "438967037869c9425840dc6b3127d85039d1f4941bb0178694bcd05b2beb535c"
source = "registry"
deps = ["hex_field", "hex_grid"]

[[package]]
name = "hex_grid"
version = "0.1.0"
url = "https://github.com/loft-lang/loft-libs-world/releases/download/hex_grid-v0.1.0/hex_grid-0.1.0.tar.gz"
sha256 = "f7af3fa54141dcae920666f606c5932252f801d555dd63b0b654d5355f8c1fbd"
source = "registry"

[[package]]
name = "hex_roof"
version = "0.1.1"
url = "https://github.com/loft-lang/loft-libs-world/releases/download/hex_roof-v0.1.1/hex_roof-0.1.1.tar.gz"
sha256 = "891c4b3a022c369e805860caf3600a350ef0bc00101a00f419738375cb939852"
source = "registry"

[[package]]
name = "hex_way"
version = "0.1.1"
url = "https://github.com/loft-lang/loft-libs-world/releases/download/hex_way-v0.1.1/hex_way-0.1.1.tar.gz"
sha256 = "4d0fbcaaa712bc99110610855375ddd4aa696e7c7b0cc16f1ab1451777650461"
source = "registry"
deps = ["hex_edge", "hex_field"]

[[package]]
name = "hex_edge"
version = "0.1.0"
url = "https://github.com/loft-lang/loft-libs-world/releases/download/hex_edge-v0.1.0/hex_edge-0.1.0.tar.gz"
sha256 = "cc88accb3324d90fc37bf0a49d9c0d28ef2f7520a19a90c24d82911f4adb8a4c"
source = "registry"
deps = ["hex_field"]

[[package]]
name = "hex_shape"
version = "0.1.2"
url = "https://github.com/loft-lang/loft-libs-world/releases/download/hex_shape-v0.1.2/hex_shape-0.1.2.tar.gz"
sha256 = "48178c8fa71a403d25f543f9701c2665c801425b4c50206a50afc4b2d932261f"
source = "registry"
deps = ["hex_field", "hex_form", "hex_grid"]

[[package]]
name = "hex_place"
version = "0.1.0"
url = "https://github.com/loft-lang/loft-libs-world/releases/download/hex_place-v0.1.0/hex_place-0.1.0.tar.gz"
sha256 = "f56ebeed07e81c6f7702ab867c72494c19ee5ddfeaf639343f12f4cf68a5fd67"
source = "registry"
deps = ["hex_field", "hex_form"]

[[package]]
name = "hex_recover"
version = "0.1.0"
url = "https://github.com/loft-lang/loft-libs-world/releases/download/hex_recover-v0.1.0/hex_recover-0.1.0.tar.gz"
sha256 = "e60c77bd8d15de12cc7e3ef1a0b549f5449fb80e925257246325f874a0836b7e"
source = "registry"
deps = ["hex_field", "hex_form"]

[[package]]
name = "hex_fit"
version = "0.1.1"
url = "https://github.com/loft-lang/loft-libs-world/releases/download/hex_fit-v0.1.1/hex_fit-0.1.1.tar.gz"
sha256 = "7947435671ef142962c0c577642a73ede8b99d05338f86d0776507a0c48dce82"
source = "registry"
deps = ["hex_draw", "hex_field", "hex_form", "hex_grid", "hex_recover", "hex_shape"]
