# Auto-generated by loft — do not edit by hand.
# Run `loft install` to update.
schema_version = 1

[[package]]
name = "graphics"
version = "0.9.4"
url = "https://github.com/loft-lang/loft-libs-graphics/releases/download/graphics-v0.9.4/graphics-0.9.4.tar.gz"
sha256 = "05ed1215dcb7e5233abc0e74b3d130d3e5816b002a5147ae6340ba5ce877a2cc"
source = "registry"
deps = ["glb", "mesh3d"]

[[package]]
name = "glb"
version = "0.1.3"
url = "https://github.com/loft-lang/loft-libs-assets/releases/download/glb-v0.1.3/glb-0.1.3.tar.gz"
sha256 = "57ad8d0a0a25caefd65c4819b03c86562c9d5462dabf294c893132c65718160a"
source = "registry"
deps = ["mesh3d"]

[[package]]
name = "mesh3d"
version = "0.1.2"
url = "https://github.com/loft-lang/loft-libs-assets/releases/download/mesh3d-v0.1.2/mesh3d-0.1.2.tar.gz"
sha256 = "b1929c5f56d5abf5925faad5572cfb02418d15cfe8eb4819c0b8df679915df10"
source = "registry"

[[package]]
name = "hex_grid"
version = "0.1.2"
url = "https://github.com/loft-lang/loft-libs-world/releases/download/hex_grid-v0.1.2/hex_grid-0.1.2.tar.gz"
sha256 = "3555008637ffd46b097c4fca0805ac30806987a1922098b8a396d2c5ce10a92d"
source = "registry"

[[package]]
name = "hex_way"
version = "0.1.2"
url = "https://github.com/loft-lang/loft-libs-world/releases/download/hex_way-v0.1.2/hex_way-0.1.2.tar.gz"
sha256 = "4e42e0ad810450a2befd95ea5813d2315ef6b397b2e5eeade65d049cb2d4b9c3"
source = "registry"
deps = ["hex_edge", "hex_field"]

[[package]]
name = "hex_field"
version = "0.1.0"
url = "https://github.com/loft-lang/loft-libs-world/releases/download/hex_field-v0.1.0/hex_field-0.1.0.tar.gz"
sha256 = "b15e31ac9791bf4188911951bd04e5cda3dece15a22af613750a7a8ca66fe7b1"
source = "registry"

[[package]]
name = "hex_roof"
version = "0.1.5"
url = "https://github.com/loft-lang/loft-libs-world/releases/download/hex_roof-v0.1.5/hex_roof-0.1.5.tar.gz"
sha256 = "49c34d77fc681a2d42db516dafc4fffd7b2d84ceedde7abfc5cb0009ed3cd672"
source = "registry"
deps = ["hex_field", "hex_way"]

[[package]]
name = "hex_shape"
version = "0.1.3"
url = "https://github.com/loft-lang/loft-libs-world/releases/download/hex_shape-v0.1.3/hex_shape-0.1.3.tar.gz"
sha256 = "dd465d10cc6de0eeb1c09ef1c27a837275aca96933e5bf0a3bc5bcfb201e9f46"
source = "registry"
deps = ["hex_field", "hex_form", "hex_grid"]

[[package]]
name = "hex_form"
version = "0.1.5"
url = "https://github.com/loft-lang/loft-libs-world/releases/download/hex_form-v0.1.5/hex_form-0.1.5.tar.gz"
sha256 = "b898c8c98935104967607518a5bcd49cf0ea5ca62264fb741892b18c596c78e1"
source = "registry"
deps = ["hex_field", "hex_grid"]

[[package]]
name = "hex_draw"
version = "0.1.1"
url = "https://github.com/loft-lang/loft-libs-world/releases/download/hex_draw-v0.1.1/hex_draw-0.1.1.tar.gz"
sha256 = "e8c146eed94abfb3f8f2433c320e4e0de525c97d3a678a70d4da7d52045d228f"
source = "registry"
deps = ["hex_field", "hex_form", "hex_grid", "hex_roof", "hex_way"]

[[package]]
name = "hex_recover"
version = "0.1.3"
url = "https://github.com/loft-lang/loft-libs-world/releases/download/hex_recover-v0.1.3/hex_recover-0.1.3.tar.gz"
sha256 = "626451280175e1741045048acdc976c33be53121c3415ae35a80b919bb5fae31"
source = "registry"
deps = ["hex_field", "hex_form"]

[[package]]
name = "hex_fit"
version = "0.1.2"
url = "https://github.com/loft-lang/loft-libs-world/releases/download/hex_fit-v0.1.2/hex_fit-0.1.2.tar.gz"
sha256 = "3d64e8f79e210b6648abedb6b07a87deb18f6cc437ce2b70df872a08cece999e"
source = "registry"
deps = ["hex_draw", "hex_field", "hex_form", "hex_grid", "hex_recover", "hex_shape"]

[[package]]
name = "hex_place"
version = "0.1.1"
url = "https://github.com/loft-lang/loft-libs-world/releases/download/hex_place-v0.1.1/hex_place-0.1.1.tar.gz"
sha256 = "ef203028d892c8b68f83790305c63b1f870227350c0413cd83ec85e3ea8de69a"
source = "registry"
deps = ["hex_field", "hex_form"]
